// !$*UTF8*$!
{
	archiveVersion = 1;
	classes = {
	};
	objectVersion = 46;
	objects = {

/* Begin PBXBuildFile section */
		2A589C9F1BB793C50051FFF3 /* Exporter.swift in Sources */ = {isa = PBXBuildFile; fileRef = 2A589C9E1BB793C50051FFF3 /* Exporter.swift */; settings = {ASSET_TAGS = (); }; };
		EC3F24CE1A2AAA9000C58377 /* PulsingLayer.swift in Sources */ = {isa = PBXBuildFile; fileRef = EC3F24CD1A2AAA9000C58377 /* PulsingLayer.swift */; };
		EC3F24D01A2AB78E00C58377 /* Tutorial.swift in Sources */ = {isa = PBXBuildFile; fileRef = EC3F24CF1A2AB78E00C58377 /* Tutorial.swift */; };
		EC3F24D21A2ABF6600C58377 /* SphereMenu.swift in Sources */ = {isa = PBXBuildFile; fileRef = EC3F24D11A2ABF6600C58377 /* SphereMenu.swift */; };
		EC3F24D41A2AEC1900C58377 /* InfoView.swift in Sources */ = {isa = PBXBuildFile; fileRef = EC3F24D31A2AEC1900C58377 /* InfoView.swift */; };
		EC3F24D61A2B125700C58377 /* Colors.swift in Sources */ = {isa = PBXBuildFile; fileRef = EC3F24D51A2B125700C58377 /* Colors.swift */; };
		EC6165521A295B9800658455 /* AssetsLibrary.framework in Frameworks */ = {isa = PBXBuildFile; fileRef = EC6165511A295B9800658455 /* AssetsLibrary.framework */; };
		EC61658A1A29B76B00658455 /* AppDelegate.swift in Sources */ = {isa = PBXBuildFile; fileRef = EC6165821A29B76B00658455 /* AppDelegate.swift */; };
		EC61658B1A29B76B00658455 /* LaunchScreen.xib in Resources */ = {isa = PBXBuildFile; fileRef = EC6165831A29B76B00658455 /* LaunchScreen.xib */; };
		EC61658C1A29B76B00658455 /* Main.storyboard in Resources */ = {isa = PBXBuildFile; fileRef = EC6165851A29B76B00658455 /* Main.storyboard */; };
		EC61658D1A29B76B00658455 /* Images.xcassets in Resources */ = {isa = PBXBuildFile; fileRef = EC6165871A29B76B00658455 /* Images.xcassets */; };
		EC61658F1A29B76B00658455 /* ViewController.swift in Sources */ = {isa = PBXBuildFile; fileRef = EC6165891A29B76B00658455 /* ViewController.swift */; };
		EC6165931A29B77000658455 /* ColorigTests.swift in Sources */ = {isa = PBXBuildFile; fileRef = EC6165911A29B77000658455 /* ColorigTests.swift */; };
		EC6165961A29BA6400658455 /* ShakeView.swift in Sources */ = {isa = PBXBuildFile; fileRef = EC6165951A29BA6400658455 /* ShakeView.swift */; };
/* End PBXBuildFile section */

/* Begin PBXContainerItemProxy section */
		EC1AEC791A1C6B4A00D1FA48 /* PBXContainerItemProxy */ = {
			isa = PBXContainerItemProxy;
			containerPortal = EC1AEC5B1A1C6B4A00D1FA48 /* Project object */;
			proxyType = 1;
			remoteGlobalIDString = EC1AEC621A1C6B4A00D1FA48;
			remoteInfo = Colorig;
		};
/* End PBXContainerItemProxy section */

/* Begin PBXFileReference section */
		0E981CFA1105CA64BCEAE9CD /* Pods-himbo.debug.xcconfig */ = {isa = PBXFileReference; includeInIndex = 1; lastKnownFileType = text.xcconfig; name = "Pods-himbo.debug.xcconfig"; path = "Pods/Target Support Files/Pods-himbo/Pods-himbo.debug.xcconfig"; sourceTree = "<group>"; };
		2A589C9E1BB793C50051FFF3 /* Exporter.swift */ = {isa = PBXFileReference; fileEncoding = 4; lastKnownFileType = sourcecode.swift; path = Exporter.swift; sourceTree = "<group>"; };
		49FD340327310FF0989AD5A9 /* Pods-himbo.release.xcconfig */ = {isa = PBXFileReference; includeInIndex = 1; lastKnownFileType = text.xcconfig; name = "Pods-himbo.release.xcconfig"; path = "Pods/Target Support Files/Pods-himbo/Pods-himbo.release.xcconfig"; sourceTree = "<group>"; };
		DF2C223F57198A8D1A0C9A34 /* libPods-himbo.a */ = {isa = PBXFileReference; explicitFileType = archive.ar; includeInIndex = 0; path = "libPods-himbo.a"; sourceTree = BUILT_PRODUCTS_DIR; };
		EC1AEC631A1C6B4A00D1FA48 /* himbo.app */ = {isa = PBXFileReference; explicitFileType = wrapper.application; includeInIndex = 0; path = himbo.app; sourceTree = BUILT_PRODUCTS_DIR; };
		EC1AEC781A1C6B4A00D1FA48 /* himboTests.xctest */ = {isa = PBXFileReference; explicitFileType = wrapper.cfbundle; includeInIndex = 0; path = himboTests.xctest; sourceTree = BUILT_PRODUCTS_DIR; };
		EC3F24CD1A2AAA9000C58377 /* PulsingLayer.swift */ = {isa = PBXFileReference; fileEncoding = 4; lastKnownFileType = sourcecode.swift; path = PulsingLayer.swift; sourceTree = "<group>"; };
		EC3F24CF1A2AB78E00C58377 /* Tutorial.swift */ = {isa = PBXFileReference; fileEncoding = 4; lastKnownFileType = sourcecode.swift; path = Tutorial.swift; sourceTree = "<group>"; };
		EC3F24D11A2ABF6600C58377 /* SphereMenu.swift */ = {isa = PBXFileReference; fileEncoding = 4; lastKnownFileType = sourcecode.swift; path = SphereMenu.swift; sourceTree = "<group>"; };
		EC3F24D31A2AEC1900C58377 /* InfoView.swift */ = {isa = PBXFileReference; fileEncoding = 4; lastKnownFileType = sourcecode.swift; path = InfoView.swift; sourceTree = "<group>"; };
		EC3F24D51A2B125700C58377 /* Colors.swift */ = {isa = PBXFileReference; fileEncoding = 4; lastKnownFileType = sourcecode.swift; path = Colors.swift; sourceTree = "<group>"; };
		EC6165511A295B9800658455 /* AssetsLibrary.framework */ = {isa = PBXFileReference; lastKnownFileType = wrapper.framework; name = AssetsLibrary.framework; path = System/Library/Frameworks/AssetsLibrary.framework; sourceTree = SDKROOT; };
		EC6165821A29B76B00658455 /* AppDelegate.swift */ = {isa = PBXFileReference; fileEncoding = 4; lastKnownFileType = sourcecode.swift; path = AppDelegate.swift; sourceTree = "<group>"; };
		EC6165841A29B76B00658455 /* Base */ = {isa = PBXFileReference; lastKnownFileType = file.xib; name = Base; path = Base.lproj/LaunchScreen.xib; sourceTree = "<group>"; };
		EC6165861A29B76B00658455 /* Base */ = {isa = PBXFileReference; lastKnownFileType = file.storyboard; name = Base; path = Base.lproj/Main.storyboard; sourceTree = "<group>"; };
		EC6165871A29B76B00658455 /* Images.xcassets */ = {isa = PBXFileReference; lastKnownFileType = folder.assetcatalog; path = Images.xcassets; sourceTree = "<group>"; };
		EC6165881A29B76B00658455 /* Info.plist */ = {isa = PBXFileReference; fileEncoding = 4; lastKnownFileType = text.plist.xml; path = Info.plist; sourceTree = "<group>"; };
		EC6165891A29B76B00658455 /* ViewController.swift */ = {isa = PBXFileReference; fileEncoding = 4; lastKnownFileType = sourcecode.swift; path = ViewController.swift; sourceTree = "<group>"; };
		EC6165911A29B77000658455 /* ColorigTests.swift */ = {isa = PBXFileReference; fileEncoding = 4; lastKnownFileType = sourcecode.swift; path = ColorigTests.swift; sourceTree = "<group>"; };
		EC6165921A29B77000658455 /* Info.plist */ = {isa = PBXFileReference; fileEncoding = 4; lastKnownFileType = text.plist.xml; path = Info.plist; sourceTree = "<group>"; };
		EC6165951A29BA6400658455 /* ShakeView.swift */ = {isa = PBXFileReference; fileEncoding = 4; lastKnownFileType = sourcecode.swift; path = ShakeView.swift; sourceTree = "<group>"; };
/* End PBXFileReference section */

/* Begin PBXFrameworksBuildPhase section */
		EC1AEC601A1C6B4A00D1FA48 /* Frameworks */ = {
			isa = PBXFrameworksBuildPhase;
			buildActionMask = 2147483647;
			files = (
				EC6165521A295B9800658455 /* AssetsLibrary.framework in Frameworks */,
			);
			runOnlyForDeploymentPostprocessing = 0;
		};
		EC1AEC751A1C6B4A00D1FA48 /* Frameworks */ = {
			isa = PBXFrameworksBuildPhase;
			buildActionMask = 2147483647;
			files = (
			);
			runOnlyForDeploymentPostprocessing = 0;
		};
/* End PBXFrameworksBuildPhase section */

/* Begin PBXGroup section */
		11FEA6B53EAB55CDDDED51AD /* Pods */ = {
			isa = PBXGroup;
			children = (
				0E981CFA1105CA64BCEAE9CD /* Pods-himbo.debug.xcconfig */,
				49FD340327310FF0989AD5A9 /* Pods-himbo.release.xcconfig */,
			);
			name = Pods;
			sourceTree = "<group>";
		};
		16326F37C70C58EECAE3587F /* Frameworks */ = {
			isa = PBXGroup;
			children = (
				EC6165511A295B9800658455 /* AssetsLibrary.framework */,
				DF2C223F57198A8D1A0C9A34 /* libPods-himbo.a */,
			);
			name = Frameworks;
			sourceTree = "<group>";
		};
		EC1AEC5A1A1C6B4A00D1FA48 = {
			isa = PBXGroup;
			children = (
				EC6165811A29B76B00658455 /* himbo */,
				EC6165901A29B77000658455 /* himboTests */,
				EC1AEC641A1C6B4A00D1FA48 /* Products */,
				11FEA6B53EAB55CDDDED51AD /* Pods */,
				16326F37C70C58EECAE3587F /* Frameworks */,
			);
			sourceTree = "<group>";
		};
		EC1AEC641A1C6B4A00D1FA48 /* Products */ = {
			isa = PBXGroup;
			children = (
				EC1AEC631A1C6B4A00D1FA48 /* himbo.app */,
				EC1AEC781A1C6B4A00D1FA48 /* himboTests.xctest */,
			);
			name = Products;
			sourceTree = "<group>";
		};
		EC6165811A29B76B00658455 /* himbo */ = {
			isa = PBXGroup;
			children = (
				EC6165821A29B76B00658455 /* AppDelegate.swift */,
				EC6165891A29B76B00658455 /* ViewController.swift */,
				2A589C9E1BB793C50051FFF3 /* Exporter.swift */,
				EC3F24CF1A2AB78E00C58377 /* Tutorial.swift */,
				EC6165951A29BA6400658455 /* ShakeView.swift */,
				EC3F24D11A2ABF6600C58377 /* SphereMenu.swift */,
				EC3F24CD1A2AAA9000C58377 /* PulsingLayer.swift */,
				EC3F24D31A2AEC1900C58377 /* InfoView.swift */,
				EC3F24D51A2B125700C58377 /* Colors.swift */,
				EC6165831A29B76B00658455 /* LaunchScreen.xib */,
				EC6165851A29B76B00658455 /* Main.storyboard */,
				EC6165871A29B76B00658455 /* Images.xcassets */,
				EC6165881A29B76B00658455 /* Info.plist */,
			);
			path = himbo;
			sourceTree = "<group>";
		};
		EC6165901A29B77000658455 /* himboTests */ = {
			isa = PBXGroup;
			children = (
				EC6165911A29B77000658455 /* ColorigTests.swift */,
				EC6165921A29B77000658455 /* Info.plist */,
			);
			path = himboTests;
			sourceTree = "<group>";
		};
/* End PBXGroup section */

/* Begin PBXNativeTarget section */
		EC1AEC621A1C6B4A00D1FA48 /* himbo */ = {
			isa = PBXNativeTarget;
			buildConfigurationList = EC1AEC821A1C6B4A00D1FA48 /* Build configuration list for PBXNativeTarget "himbo" */;
			buildPhases = (
				EC1AEC5F1A1C6B4A00D1FA48 /* Sources */,
				EC1AEC601A1C6B4A00D1FA48 /* Frameworks */,
				EC1AEC611A1C6B4A00D1FA48 /* Resources */,
			);
			buildRules = (
			);
			dependencies = (
			);
			name = himbo;
			productName = Colorig;
			productReference = EC1AEC631A1C6B4A00D1FA48 /* himbo.app */;
			productType = "com.apple.product-type.application";
		};
		EC1AEC771A1C6B4A00D1FA48 /* himboTests */ = {
			isa = PBXNativeTarget;
			buildConfigurationList = EC1AEC851A1C6B4A00D1FA48 /* Build configuration list for PBXNativeTarget "himboTests" */;
			buildPhases = (
				EC1AEC741A1C6B4A00D1FA48 /* Sources */,
				EC1AEC751A1C6B4A00D1FA48 /* Frameworks */,
				EC1AEC761A1C6B4A00D1FA48 /* Resources */,
			);
			buildRules = (
			);
			dependencies = (
				EC1AEC7A1A1C6B4A00D1FA48 /* PBXTargetDependency */,
			);
			name = himboTests;
			productName = ColorigTests;
			productReference = EC1AEC781A1C6B4A00D1FA48 /* himboTests.xctest */;
			productType = "com.apple.product-type.bundle.unit-test";
		};
/* End PBXNativeTarget section */

/* Begin PBXProject section */
		EC1AEC5B1A1C6B4A00D1FA48 /* Project object */ = {
			isa = PBXProject;
			attributes = {
				LastSwiftMigration = 0700;
				LastSwiftUpdateCheck = 0700;
				LastUpgradeCheck = 0610;
				ORGANIZATIONNAME = "Marcus Kida";
				TargetAttributes = {
					EC1AEC621A1C6B4A00D1FA48 = {
						CreatedOnToolsVersion = 6.1;
						DevelopmentTeam = 857XYUU5FE;
					};
					EC1AEC771A1C6B4A00D1FA48 = {
						CreatedOnToolsVersion = 6.1;
						TestTargetID = EC1AEC621A1C6B4A00D1FA48;
					};
				};
			};
			buildConfigurationList = EC1AEC5E1A1C6B4A00D1FA48 /* Build configuration list for PBXProject "himbo" */;
			compatibilityVersion = "Xcode 3.2";
			developmentRegion = English;
			hasScannedForEncodings = 0;
			knownRegions = (
				en,
				Base,
			);
			mainGroup = EC1AEC5A1A1C6B4A00D1FA48;
			productRefGroup = EC1AEC641A1C6B4A00D1FA48 /* Products */;
			projectDirPath = "";
			projectRoot = "";
			targets = (
				EC1AEC621A1C6B4A00D1FA48 /* himbo */,
				EC1AEC771A1C6B4A00D1FA48 /* himboTests */,
			);
		};
/* End PBXProject section */

/* Begin PBXResourcesBuildPhase section */
		EC1AEC611A1C6B4A00D1FA48 /* Resources */ = {
			isa = PBXResourcesBuildPhase;
			buildActionMask = 2147483647;
			files = (
				EC61658D1A29B76B00658455 /* Images.xcassets in Resources */,
				EC61658B1A29B76B00658455 /* LaunchScreen.xib in Resources */,
				EC61658C1A29B76B00658455 /* Main.storyboard in Resources */,
			);
			runOnlyForDeploymentPostprocessing = 0;
		};
		EC1AEC761A1C6B4A00D1FA48 /* Resources */ = {
			isa = PBXResourcesBuildPhase;
			buildActionMask = 2147483647;
			files = (
			);
			runOnlyForDeploymentPostprocessing = 0;
		};
/* End PBXResourcesBuildPhase section */

/* Begin PBXSourcesBuildPhase section */
		EC1AEC5F1A1C6B4A00D1FA48 /* Sources */ = {
			isa = PBXSourcesBuildPhase;
			buildActionMask = 2147483647;
			files = (
				EC3F24CE1A2AAA9000C58377 /* PulsingLayer.swift in Sources */,
				2A589C9F1BB793C50051FFF3 /* Exporter.swift in Sources */,
				EC3F24D61A2B125700C58377 /* Colors.swift in Sources */,
				EC61658F1A29B76B00658455 /* ViewController.swift in Sources */,
				EC61658A1A29B76B00658455 /* AppDelegate.swift in Sources */,
				EC6165961A29BA6400658455 /* ShakeView.swift in Sources */,
				EC3F24D01A2AB78E00C58377 /* Tutorial.swift in Sources */,
				EC3F24D21A2ABF6600C58377 /* SphereMenu.swift in Sources */,
				EC3F24D41A2AEC1900C58377 /* InfoView.swift in Sources */,
			);
			runOnlyForDeploymentPostprocessing = 0;
		};
		EC1AEC741A1C6B4A00D1FA48 /* Sources */ = {
			isa = PBXSourcesBuildPhase;
			buildActionMask = 2147483647;
			files = (
				EC6165931A29B77000658455 /* ColorigTests.swift in Sources */,
			);
			runOnlyForDeploymentPostprocessing = 0;
		};
/* End PBXSourcesBuildPhase section */

/* Begin PBXTargetDependency section */
		EC1AEC7A1A1C6B4A00D1FA48 /* PBXTargetDependency */ = {
			isa = PBXTargetDependency;
			target = EC1AEC621A1C6B4A00D1FA48 /* himbo */;
			targetProxy = EC1AEC791A1C6B4A00D1FA48 /* PBXContainerItemProxy */;
		};
/* End PBXTargetDependency section */

/* Begin PBXVariantGroup section */
		EC6165831A29B76B00658455 /* LaunchScreen.xib */ = {
			isa = PBXVariantGroup;
			children = (
				EC6165841A29B76B00658455 /* Base */,
			);
			name = LaunchScreen.xib;
			sourceTree = "<group>";
		};
		EC6165851A29B76B00658455 /* Main.storyboard */ = {
			isa = PBXVariantGroup;
			children = (
				EC6165861A29B76B00658455 /* Base */,
			);
			name = Main.storyboard;
			sourceTree = "<group>";
		};
/* End PBXVariantGroup section */

/* Begin XCBuildConfiguration section */
		EC1AEC801A1C6B4A00D1FA48 /* Debug */ = {
			isa = XCBuildConfiguration;
			buildSettings = {
				ALWAYS_SEARCH_USER_PATHS = NO;
				CLANG_CXX_LANGUAGE_STANDARD = "gnu++0x";
				CLANG_CXX_LIBRARY = "libc++";
				CLANG_ENABLE_MODULES = YES;
				CLANG_ENABLE_OBJC_ARC = YES;
				CLANG_WARN_BOOL_CONVERSION = YES;
				CLANG_WARN_CONSTANT_CONVERSION = YES;
				CLANG_WARN_DIRECT_OBJC_ISA_USAGE = YES_ERROR;
				CLANG_WARN_EMPTY_BODY = YES;
				CLANG_WARN_ENUM_CONVERSION = YES;
				CLANG_WARN_INT_CONVERSION = YES;
				CLANG_WARN_OBJC_ROOT_CLASS = YES_ERROR;
				CLANG_WARN_UNREACHABLE_CODE = YES;
				CLANG_WARN__DUPLICATE_METHOD_MATCH = YES;
				CODE_SIGN_IDENTITY = "iPhone Developer";
				COPY_PHASE_STRIP = NO;
				ENABLE_STRICT_OBJC_MSGSEND = YES;
				GCC_C_LANGUAGE_STANDARD = gnu99;
				GCC_DYNAMIC_NO_PIC = NO;
				GCC_OPTIMIZATION_LEVEL = 0;
				GCC_PREPROCESSOR_DEFINITIONS = (
					"DEBUG=1",
					"$(inherited)",
				);
				GCC_SYMBOLS_PRIVATE_EXTERN = NO;
				GCC_WARN_64_TO_32_BIT_CONVERSION = YES;
				GCC_WARN_ABOUT_RETURN_TYPE = YES_ERROR;
				GCC_WARN_UNDECLARED_SELECTOR = YES;
				GCC_WARN_UNINITIALIZED_AUTOS = YES_AGGRESSIVE;
				GCC_WARN_UNUSED_FUNCTION = YES;
				GCC_WARN_UNUSED_VARIABLE = YES;
				IPHONEOS_DEPLOYMENT_TARGET = 8.0;
				MTL_ENABLE_DEBUG_INFO = YES;
				ONLY_ACTIVE_ARCH = YES;
				SDKROOT = iphoneos;
				SWIFT_OPTIMIZATION_LEVEL = "-Onone";
				TARGETED_DEVICE_FAMILY = "1,2";
			};
			name = Debug;
		};
		EC1AEC811A1C6B4A00D1FA48 /* Release */ = {
			isa = XCBuildConfiguration;
			buildSettings = {
				ALWAYS_SEARCH_USER_PATHS = NO;
				CLANG_CXX_LANGUAGE_STANDARD = "gnu++0x";
				CLANG_CXX_LIBRARY = "libc++";
				CLANG_ENABLE_MODULES = YES;
				CLANG_ENABLE_OBJC_ARC = YES;
				CLANG_WARN_BOOL_CONVERSION = YES;
				CLANG_WARN_CONSTANT_CONVERSION = YES;
				CLANG_WARN_DIRECT_OBJC_ISA_USAGE = YES_ERROR;
				CLANG_WARN_EMPTY_BODY = YES;
				CLANG_WARN_ENUM_CONVERSION = YES;
				CLANG_WARN_INT_CONVERSION = YES;
				CLANG_WARN_OBJC_ROOT_CLASS = YES_ERROR;
				CLANG_WARN_UNREACHABLE_CODE = YES;
				CLANG_WARN__DUPLICATE_METHOD_MATCH = YES;
				CODE_SIGN_IDENTITY = "iPhone Distribution";
				COPY_PHASE_STRIP = YES;
				ENABLE_NS_ASSERTIONS = NO;
				ENABLE_STRICT_OBJC_MSGSEND = YES;
				GCC_C_LANGUAGE_STANDARD = gnu99;
				GCC_WARN_64_TO_32_BIT_CONVERSION = YES;
				GCC_WARN_ABOUT_RETURN_TYPE = YES_ERROR;
				GCC_WARN_UNDECLARED_SELECTOR = YES;
				GCC_WARN_UNINITIALIZED_AUTOS = YES_AGGRESSIVE;
				GCC_WARN_UNUSED_FUNCTION = YES;
				GCC_WARN_UNUSED_VARIABLE = YES;
				IPHONEOS_DEPLOYMENT_TARGET = 8.0;
				MTL_ENABLE_DEBUG_INFO = NO;
				SDKROOT = iphoneos;
				TARGETED_DEVICE_FAMILY = "1,2";
				VALIDATE_PRODUCT = YES;
			};
			name = Release;
		};
		EC1AEC831A1C6B4A00D1FA48 /* Debug */ = {
			isa = XCBuildConfiguration;
			buildSettings = {
				ASSETCATALOG_COMPILER_APPICON_NAME = AppIcon;
				CODE_SIGN_IDENTITY = "iPhone Developer";
				INFOPLIST_FILE = himbo/Info.plist;
				LD_RUNPATH_SEARCH_PATHS = "$(inherited) @executable_path/Frameworks";
				PRODUCT_NAME = himbo;
			};
			name = Debug;
		};
		EC1AEC841A1C6B4A00D1FA48 /* Release */ = {
			isa = XCBuildConfiguration;
			buildSettings = {
				ASSETCATALOG_COMPILER_APPICON_NAME = AppIcon;
				INFOPLIST_FILE = himbo/Info.plist;
				LD_RUNPATH_SEARCH_PATHS = "$(inherited) @executable_path/Frameworks";
				PRODUCT_NAME = himbo;
				PROVISIONING_PROFILE = "08a3927f-66d2-4b77-bb9c-948df30253a2";
			};
			name = Release;
		};
		EC1AEC861A1C6B4A00D1FA48 /* Debug */ = {
			isa = XCBuildConfiguration;
			buildSettings = {
				FRAMEWORK_SEARCH_PATHS = (
					"$(SDKROOT)/Developer/Library/Frameworks",
					"$(inherited)",
				);
				GCC_PREPROCESSOR_DEFINITIONS = (
					"DEBUG=1",
					"$(inherited)",
				);
				INFOPLIST_FILE = himboTests/Info.plist;
				LD_RUNPATH_SEARCH_PATHS = "$(inherited) @executable_path/Frameworks @loader_path/Frameworks";
				PRODUCT_NAME = himboTests;
			};
			name = Debug;
		};
		EC1AEC871A1C6B4A00D1FA48 /* Release */ = {
			isa = XCBuildConfiguration;
			buildSettings = {
				FRAMEWORK_SEARCH_PATHS = (
					"$(SDKROOT)/Developer/Library/Frameworks",
					"$(inherited)",
				);
				INFOPLIST_FILE = himboTests/Info.plist;
				LD_RUNPATH_SEARCH_PATHS = "$(inherited) @executable_path/Frameworks @loader_path/Frameworks";
				PRODUCT_NAME = himboTests;
			};
			name = Release;
		};
/* End XCBuildConfiguration section */

/* Begin XCConfigurationList section */
		EC1AEC5E1A1C6B4A00D1FA48 /* Build configuration list for PBXProject "himbo" */ = {
			isa = XCConfigurationList;
			buildConfigurations = (
				EC1AEC801A1C6B4A00D1FA48 /* Debug */,
				EC1AEC811A1C6B4A00D1FA48 /* Release */,
			);
			defaultConfigurationIsVisible = 0;
			defaultConfigurationName = Release;
		};
		EC1AEC821A1C6B4A00D1FA48 /* Build configuration list for PBXNativeTarget "himbo" */ = {
			isa = XCConfigurationList;
			buildConfigurations = (
				EC1AEC831A1C6B4A00D1FA48 /* Debug */,
				EC1AEC841A1C6B4A00D1FA48 /* Release */,
			);
			defaultConfigurationIsVisible = 0;
			defaultConfigurationName = Release;
		};
		EC1AEC851A1C6B4A00D1FA48 /* Build configuration list for PBXNativeTarget "himboTests" */ = {
			isa = XCConfigurationList;
			buildConfigurations = (
				EC1AEC861A1C6B4A00D1FA48 /* Debug */,
				EC1AEC871A1C6B4A00D1FA48 /* Release */,
			);
			defaultConfigurationIsVisible = 0;
			defaultConfigurationName = Release;
		};
/* End XCConfigurationList section */
	};
	rootObject = EC1AEC5B1A1C6B4A00D1FA48 /* Project object */;
}
